// !$*UTF8*$!
{
	archiveVersion = 1;
	classes = {
	};
	objectVersion = 48;
	objects = {

/* Begin PBXBuildFile section */
		4A17ADAF1FF58BD900FEDD1E /* MailingContact.swift in Sources */ = {isa = PBXBuildFile; fileRef = 4A17ADAE1FF58BD900FEDD1E /* MailingContact.swift */; };
		4A17ADB11FF58CE400FEDD1E /* Mailing.swift in Sources */ = {isa = PBXBuildFile; fileRef = 4A17ADB01FF58CE400FEDD1E /* Mailing.swift */; };
		4A17ADB31FF58E2400FEDD1E /* ImportContactsViewController.swift in Sources */ = {isa = PBXBuildFile; fileRef = 4A17ADB21FF58E2400FEDD1E /* ImportContactsViewController.swift */; };
		4A17ADB51FF5985300FEDD1E /* Readme.md in Resources */ = {isa = PBXBuildFile; fileRef = 4A17ADB41FF5985300FEDD1E /* Readme.md */; };
		4A28003E200FCB300095E694 /* MessageComposer.swift in Sources */ = {isa = PBXBuildFile; fileRef = 4A28003D200FCB300095E694 /* MessageComposer.swift */; };
		4A4A2D2D20452D9A00CB3457 /* SettingDTO.swift in Sources */ = {isa = PBXBuildFile; fileRef = 4A4A2D2C20452D9A00CB3457 /* SettingDTO.swift */; };
		4A4BA9A12022EDAA00BF0594 /* MailingListContactsTableViewController.swift in Sources */ = {isa = PBXBuildFile; fileRef = 4A4BA9A02022EDAA00BF0594 /* MailingListContactsTableViewController.swift */; };
		4A4BA9A32022F7C900BF0594 /* ContactPickerTableViewController.swift in Sources */ = {isa = PBXBuildFile; fileRef = 4A4BA9A22022F7C900BF0594 /* ContactPickerTableViewController.swift */; };
		4A5C6F822036CBE800ECF1F3 /* AddressbookGroupPickerTableViewController.swift in Sources */ = {isa = PBXBuildFile; fileRef = 4A5C6F812036CBE800ECF1F3 /* AddressbookGroupPickerTableViewController.swift */; };
		4A5F4F36202A461F00ED10D7 /* AssignedContact.swift in Sources */ = {isa = PBXBuildFile; fileRef = 4A5F4F35202A461F00ED10D7 /* AssignedContact.swift */; };
		4A5F4F38202A520B00ED10D7 /* AssingedContacts.swift in Sources */ = {isa = PBXBuildFile; fileRef = 4A5F4F37202A520B00ED10D7 /* AssingedContacts.swift */; };
		4A63556D203B307B00140F2B /* MailComposer.swift in Sources */ = {isa = PBXBuildFile; fileRef = 4A63556C203B307B00140F2B /* MailComposer.swift */; };
		4A64E1A42005467000BA851F /* user_male.png in Resources */ = {isa = PBXBuildFile; fileRef = 4A64E1A32005467000BA851F /* user_male.png */; };
		4A65A209202CB084009A73FF /* ContactAssignmentChange.swift in Sources */ = {isa = PBXBuildFile; fileRef = 4A65A208202CB084009A73FF /* ContactAssignmentChange.swift */; };
		4A6CF6ED202D774000F791D1 /* Contact.storyboard in Resources */ = {isa = PBXBuildFile; fileRef = 4A6CF6EC202D774000F791D1 /* Contact.storyboard */; };
		4A6DE0761FFE0319009BEFA1 /* MailingListDTO.swift in Sources */ = {isa = PBXBuildFile; fileRef = 4A6DE0751FFE0319009BEFA1 /* MailingListDTO.swift */; };
		4A707E4F20106DA0005243BE /* MailingListTableViewController.swift in Sources */ = {isa = PBXBuildFile; fileRef = 4A707E4E20106DA0005243BE /* MailingListTableViewController.swift */; };
		4A757AD52041897A005B0FB8 /* ContactGroupDTO.swift in Sources */ = {isa = PBXBuildFile; fileRef = 4A757AD42041897A005B0FB8 /* ContactGroupDTO.swift */; };
		4A7FF5C21FFCAB7F00685105 /* MailingList.swift in Sources */ = {isa = PBXBuildFile; fileRef = 4A7FF5C11FFCAB7F00685105 /* MailingList.swift */; };
		4A7FF5C41FFCAC2D00685105 /* MailingContactDTO.swift in Sources */ = {isa = PBXBuildFile; fileRef = 4A7FF5C31FFCAC2D00685105 /* MailingContactDTO.swift */; };
		4A7FF5C61FFCAC7500685105 /* MailingContactMapper.swift in Sources */ = {isa = PBXBuildFile; fileRef = 4A7FF5C51FFCAC7500685105 /* MailingContactMapper.swift */; };
		4A7FF5C81FFCB2F500685105 /* MailingListMapper.swift in Sources */ = {isa = PBXBuildFile; fileRef = 4A7FF5C71FFCB2F500685105 /* MailingListMapper.swift */; };
		4A82CF80203228A1002F7A61 /* MailsToSendTableViewController.swift in Sources */ = {isa = PBXBuildFile; fileRef = 4A82CF7F203228A1002F7A61 /* MailsToSendTableViewController.swift */; };
		4A8845C720316A88001E307F /* MailingListPickerTableViewController.swift in Sources */ = {isa = PBXBuildFile; fileRef = 4A8845C620316A88001E307F /* MailingListPickerTableViewController.swift */; };
		4A985E441FF14BD80055F6BA /* AppDelegate.swift in Sources */ = {isa = PBXBuildFile; fileRef = 4A985E431FF14BD80055F6BA /* AppDelegate.swift */; };
		4A985E4B1FF14BD80055F6BA /* Main.storyboard in Resources */ = {isa = PBXBuildFile; fileRef = 4A985E491FF14BD80055F6BA /* Main.storyboard */; };
		4A985E4D1FF14BD80055F6BA /* Assets.xcassets in Resources */ = {isa = PBXBuildFile; fileRef = 4A985E4C1FF14BD80055F6BA /* Assets.xcassets */; };
		4A985E501FF14BD80055F6BA /* LaunchScreen.storyboard in Resources */ = {isa = PBXBuildFile; fileRef = 4A985E4E1FF14BD80055F6BA /* LaunchScreen.storyboard */; };
		4A9A1F33203BF365008EB043 /* MailingDetailViewController.swift in Sources */ = {isa = PBXBuildFile; fileRef = 4A9A1F32203BF365008EB043 /* MailingDetailViewController.swift */; };
		4A9F238C1FF459EF00B48349 /* message.png in Resources */ = {isa = PBXBuildFile; fileRef = 4A9F238B1FF459EF00B48349 /* message.png */; };
		4A9F23931FF45B5600B48349 /* link.png in Resources */ = {isa = PBXBuildFile; fileRef = 4A9F23921FF45B5500B48349 /* link.png */; };
		4A9F23951FF45BDC00B48349 /* settings.png in Resources */ = {isa = PBXBuildFile; fileRef = 4A9F23941FF45BDB00B48349 /* settings.png */; };
		4AAF9F4B202F8F6D00F395E3 /* Mailing.storyboard in Resources */ = {isa = PBXBuildFile; fileRef = 4AAF9F4A202F8F6D00F395E3 /* Mailing.storyboard */; };
		4AB386D4201BD9EA00840237 /* MailingListDetailViewController.swift in Sources */ = {isa = PBXBuildFile; fileRef = 4AB386D3201BD9EA00840237 /* MailingListDetailViewController.swift */; };
		4AB54ACE2045C807001A9C04 /* CommonSettingsController.swift in Sources */ = {isa = PBXBuildFile; fileRef = 4AB54ACD2045C807001A9C04 /* CommonSettingsController.swift */; };
		4AB9AF0A1FF559D20005EFFA /* SettingsViewController.swift in Sources */ = {isa = PBXBuildFile; fileRef = 4AB9AF091FF559D20005EFFA /* SettingsViewController.swift */; };
		4AB9AF0E1FF55C680005EFFA /* Mailings.xcdatamodeld in Sources */ = {isa = PBXBuildFile; fileRef = 4AB9AF0C1FF55C680005EFFA /* Mailings.xcdatamodeld */; };
		4AB9AF101FF56CC30005EFFA /* CommonInfoViewController.swift in Sources */ = {isa = PBXBuildFile; fileRef = 4AB9AF0F1FF56CC30005EFFA /* CommonInfoViewController.swift */; };
		4AB9AF121FF56CE10005EFFA /* InfoElement.swift in Sources */ = {isa = PBXBuildFile; fileRef = 4AB9AF111FF56CE10005EFFA /* InfoElement.swift */; };
		4ABEAACD200906A30073875E /* MailingTableViewController.swift in Sources */ = {isa = PBXBuildFile; fileRef = 4ABEAACA200906A20073875E /* MailingTableViewController.swift */; };
		4ABEAAD0200908310073875E /* MailDTO.swift in Sources */ = {isa = PBXBuildFile; fileRef = 4ABEAACF200908310073875E /* MailDTO.swift */; };
		4AC1FD8B204476BA003CEFDA /* CommonSetting.swift in Sources */ = {isa = PBXBuildFile; fileRef = 4AC1FD8A204476BA003CEFDA /* CommonSetting.swift */; };
		4AC40312202E0396001A14C5 /* Settings.storyboard in Resources */ = {isa = PBXBuildFile; fileRef = 4AC40311202E0396001A14C5 /* Settings.storyboard */; };
		4AD59F5A20049549008FC37C /* MailingPickerTableViewController.swift in Sources */ = {isa = PBXBuildFile; fileRef = 4AD59F5920049549008FC37C /* MailingPickerTableViewController.swift */; };
		4AD999C8201BCC3600C0CE6D /* MailingList.storyboard in Resources */ = {isa = PBXBuildFile; fileRef = 4AD999C7201BCC3600C0CE6D /* MailingList.storyboard */; };
		4AE6EEE8203E9C3D006C33C5 /* ContactDetailViewController.swift in Sources */ = {isa = PBXBuildFile; fileRef = 4AE6EEE7203E9C3D006C33C5 /* ContactDetailViewController.swift */; };
		4AE86FCB2002034F00D981B4 /* MailingMapper.swift in Sources */ = {isa = PBXBuildFile; fileRef = 4AE86FCA2002034F00D981B4 /* MailingMapper.swift */; };
		4AE86FCD2002036600D981B4 /* MailingDTO.swift in Sources */ = {isa = PBXBuildFile; fileRef = 4AE86FCC2002036600D981B4 /* MailingDTO.swift */; };
		4AE86FD1200348D300D981B4 /* FetchedResultsTableViewController.swift in Sources */ = {isa = PBXBuildFile; fileRef = 4AE86FD0200348D300D981B4 /* FetchedResultsTableViewController.swift */; };
		4AE86FD4200349B000D981B4 /* ContactTableViewController.swift in Sources */ = {isa = PBXBuildFile; fileRef = 4AE86FD3200349B000D981B4 /* ContactTableViewController.swift */; };
		4AFFFA482043E3CD00E81D50 /* CommonSettingsViewController.swift in Sources */ = {isa = PBXBuildFile; fileRef = 4AFFFA472043E3CD00E81D50 /* CommonSettingsViewController.swift */; };
/* End PBXBuildFile section */

/* Begin PBXFileReference section */
		4A17ADAE1FF58BD900FEDD1E /* MailingContact.swift */ = {isa = PBXFileReference; lastKnownFileType = sourcecode.swift; path = MailingContact.swift; sourceTree = "<group>"; };
		4A17ADB01FF58CE400FEDD1E /* Mailing.swift */ = {isa = PBXFileReference; lastKnownFileType = sourcecode.swift; path = Mailing.swift; sourceTree = "<group>"; };
		4A17ADB21FF58E2400FEDD1E /* ImportContactsViewController.swift */ = {isa = PBXFileReference; fileEncoding = 4; lastKnownFileType = sourcecode.swift; path = ImportContactsViewController.swift; sourceTree = "<group>"; };
		4A17ADB41FF5985300FEDD1E /* Readme.md */ = {isa = PBXFileReference; lastKnownFileType = net.daringfireball.markdown; path = Readme.md; sourceTree = "<group>"; };
		4A28003D200FCB300095E694 /* MessageComposer.swift */ = {isa = PBXFileReference; lastKnownFileType = sourcecode.swift; path = MessageComposer.swift; sourceTree = "<group>"; };
		4A4A2D2C20452D9A00CB3457 /* SettingDTO.swift */ = {isa = PBXFileReference; lastKnownFileType = sourcecode.swift; path = SettingDTO.swift; sourceTree = "<group>"; };
		4A4BA9A02022EDAA00BF0594 /* MailingListContactsTableViewController.swift */ = {isa = PBXFileReference; lastKnownFileType = sourcecode.swift; path = MailingListContactsTableViewController.swift; sourceTree = "<group>"; };
		4A4BA9A22022F7C900BF0594 /* ContactPickerTableViewController.swift */ = {isa = PBXFileReference; lastKnownFileType = sourcecode.swift; path = ContactPickerTableViewController.swift; sourceTree = "<group>"; };
		4A5C6F812036CBE800ECF1F3 /* AddressbookGroupPickerTableViewController.swift */ = {isa = PBXFileReference; lastKnownFileType = sourcecode.swift; path = AddressbookGroupPickerTableViewController.swift; sourceTree = "<group>"; };
		4A5F4F35202A461F00ED10D7 /* AssignedContact.swift */ = {isa = PBXFileReference; lastKnownFileType = sourcecode.swift; path = AssignedContact.swift; sourceTree = "<group>"; };
		4A5F4F37202A520B00ED10D7 /* AssingedContacts.swift */ = {isa = PBXFileReference; lastKnownFileType = sourcecode.swift; path = AssingedContacts.swift; sourceTree = "<group>"; };
		4A63556C203B307B00140F2B /* MailComposer.swift */ = {isa = PBXFileReference; lastKnownFileType = sourcecode.swift; path = MailComposer.swift; sourceTree = "<group>"; };
		4A64E1A32005467000BA851F /* user_male.png */ = {isa = PBXFileReference; lastKnownFileType = image.png; path = user_male.png; sourceTree = "<group>"; };
		4A65A208202CB084009A73FF /* ContactAssignmentChange.swift */ = {isa = PBXFileReference; lastKnownFileType = sourcecode.swift; path = ContactAssignmentChange.swift; sourceTree = "<group>"; };
		4A6CF6EC202D774000F791D1 /* Contact.storyboard */ = {isa = PBXFileReference; fileEncoding = 4; lastKnownFileType = file.storyboard; path = Contact.storyboard; sourceTree = "<group>"; };
		4A6DE0751FFE0319009BEFA1 /* MailingListDTO.swift */ = {isa = PBXFileReference; lastKnownFileType = sourcecode.swift; path = MailingListDTO.swift; sourceTree = "<group>"; };
		4A707E4E20106DA0005243BE /* MailingListTableViewController.swift */ = {isa = PBXFileReference; lastKnownFileType = sourcecode.swift; path = MailingListTableViewController.swift; sourceTree = "<group>"; };
		4A757AD42041897A005B0FB8 /* ContactGroupDTO.swift */ = {isa = PBXFileReference; lastKnownFileType = sourcecode.swift; path = ContactGroupDTO.swift; sourceTree = "<group>"; };
		4A7FF5C11FFCAB7F00685105 /* MailingList.swift */ = {isa = PBXFileReference; lastKnownFileType = sourcecode.swift; path = MailingList.swift; sourceTree = "<group>"; };
		4A7FF5C31FFCAC2D00685105 /* MailingContactDTO.swift */ = {isa = PBXFileReference; lastKnownFileType = sourcecode.swift; path = MailingContactDTO.swift; sourceTree = "<group>"; };
		4A7FF5C51FFCAC7500685105 /* MailingContactMapper.swift */ = {isa = PBXFileReference; lastKnownFileType = sourcecode.swift; path = MailingContactMapper.swift; sourceTree = "<group>"; };
		4A7FF5C71FFCB2F500685105 /* MailingListMapper.swift */ = {isa = PBXFileReference; lastKnownFileType = sourcecode.swift; path = MailingListMapper.swift; sourceTree = "<group>"; };
		4A82CF7F203228A1002F7A61 /* MailsToSendTableViewController.swift */ = {isa = PBXFileReference; fileEncoding = 4; lastKnownFileType = sourcecode.swift; path = MailsToSendTableViewController.swift; sourceTree = "<group>"; };
		4A8845C620316A88001E307F /* MailingListPickerTableViewController.swift */ = {isa = PBXFileReference; lastKnownFileType = sourcecode.swift; path = MailingListPickerTableViewController.swift; sourceTree = "<group>"; };
		4A985E401FF14BD80055F6BA /* Mailings.app */ = {isa = PBXFileReference; explicitFileType = wrapper.application; includeInIndex = 0; path = Mailings.app; sourceTree = BUILT_PRODUCTS_DIR; };
		4A985E431FF14BD80055F6BA /* AppDelegate.swift */ = {isa = PBXFileReference; lastKnownFileType = sourcecode.swift; path = AppDelegate.swift; sourceTree = "<group>"; };
		4A985E4A1FF14BD80055F6BA /* Base */ = {isa = PBXFileReference; lastKnownFileType = file.storyboard; name = Base; path = Base.lproj/Main.storyboard; sourceTree = "<group>"; };
		4A985E4C1FF14BD80055F6BA /* Assets.xcassets */ = {isa = PBXFileReference; lastKnownFileType = folder.assetcatalog; path = Assets.xcassets; sourceTree = "<group>"; };
		4A985E4F1FF14BD80055F6BA /* Base */ = {isa = PBXFileReference; lastKnownFileType = file.storyboard; name = Base; path = Base.lproj/LaunchScreen.storyboard; sourceTree = "<group>"; };
		4A985E511FF14BD80055F6BA /* Info.plist */ = {isa = PBXFileReference; lastKnownFileType = text.plist.xml; path = Info.plist; sourceTree = "<group>"; };
		4A9A1F32203BF365008EB043 /* MailingDetailViewController.swift */ = {isa = PBXFileReference; lastKnownFileType = sourcecode.swift; path = MailingDetailViewController.swift; sourceTree = "<group>"; };
		4A9F238B1FF459EF00B48349 /* message.png */ = {isa = PBXFileReference; lastKnownFileType = image.png; path = message.png; sourceTree = "<group>"; };
		4A9F23921FF45B5500B48349 /* link.png */ = {isa = PBXFileReference; lastKnownFileType = image.png; path = link.png; sourceTree = "<group>"; };
		4A9F23941FF45BDB00B48349 /* settings.png */ = {isa = PBXFileReference; lastKnownFileType = image.png; path = settings.png; sourceTree = "<group>"; };
		4AAF9F4A202F8F6D00F395E3 /* Mailing.storyboard */ = {isa = PBXFileReference; fileEncoding = 4; lastKnownFileType = file.storyboard; path = Mailing.storyboard; sourceTree = "<group>"; };
		4AB386D3201BD9EA00840237 /* MailingListDetailViewController.swift */ = {isa = PBXFileReference; lastKnownFileType = sourcecode.swift; path = MailingListDetailViewController.swift; sourceTree = "<group>"; };
		4AB54ACD2045C807001A9C04 /* CommonSettingsController.swift */ = {isa = PBXFileReference; lastKnownFileType = sourcecode.swift; path = CommonSettingsController.swift; sourceTree = "<group>"; };
		4AB9AF091FF559D20005EFFA /* SettingsViewController.swift */ = {isa = PBXFileReference; fileEncoding = 4; lastKnownFileType = sourcecode.swift; path = SettingsViewController.swift; sourceTree = "<group>"; };
		4AB9AF0D1FF55C680005EFFA /* Mailings.xcdatamodel */ = {isa = PBXFileReference; lastKnownFileType = wrapper.xcdatamodel; path = Mailings.xcdatamodel; sourceTree = "<group>"; };
		4AB9AF0F1FF56CC30005EFFA /* CommonInfoViewController.swift */ = {isa = PBXFileReference; fileEncoding = 4; lastKnownFileType = sourcecode.swift; path = CommonInfoViewController.swift; sourceTree = "<group>"; };
		4AB9AF111FF56CE10005EFFA /* InfoElement.swift */ = {isa = PBXFileReference; fileEncoding = 4; lastKnownFileType = sourcecode.swift; path = InfoElement.swift; sourceTree = "<group>"; };
		4ABEAACA200906A20073875E /* MailingTableViewController.swift */ = {isa = PBXFileReference; fileEncoding = 4; lastKnownFileType = sourcecode.swift; path = MailingTableViewController.swift; sourceTree = "<group>"; };
		4ABEAACF200908310073875E /* MailDTO.swift */ = {isa = PBXFileReference; fileEncoding = 4; lastKnownFileType = sourcecode.swift; path = MailDTO.swift; sourceTree = "<group>"; };
		4AC1FD8A204476BA003CEFDA /* CommonSetting.swift */ = {isa = PBXFileReference; lastKnownFileType = sourcecode.swift; path = CommonSetting.swift; sourceTree = "<group>"; };
		4AC40311202E0396001A14C5 /* Settings.storyboard */ = {isa = PBXFileReference; fileEncoding = 4; lastKnownFileType = file.storyboard; path = Settings.storyboard; sourceTree = "<group>"; };
		4AD59F5920049549008FC37C /* MailingPickerTableViewController.swift */ = {isa = PBXFileReference; fileEncoding = 4; lastKnownFileType = sourcecode.swift; path = MailingPickerTableViewController.swift; sourceTree = "<group>"; };
		4AD999C7201BCC3600C0CE6D /* MailingList.storyboard */ = {isa = PBXFileReference; fileEncoding = 4; lastKnownFileType = file.storyboard; path = MailingList.storyboard; sourceTree = "<group>"; };
		4AE6EEE7203E9C3D006C33C5 /* ContactDetailViewController.swift */ = {isa = PBXFileReference; lastKnownFileType = sourcecode.swift; path = ContactDetailViewController.swift; sourceTree = "<group>"; };
		4AE86FCA2002034F00D981B4 /* MailingMapper.swift */ = {isa = PBXFileReference; lastKnownFileType = sourcecode.swift; path = MailingMapper.swift; sourceTree = "<group>"; };
		4AE86FCC2002036600D981B4 /* MailingDTO.swift */ = {isa = PBXFileReference; lastKnownFileType = sourcecode.swift; path = MailingDTO.swift; sourceTree = "<group>"; };
		4AE86FD0200348D300D981B4 /* FetchedResultsTableViewController.swift */ = {isa = PBXFileReference; fileEncoding = 4; lastKnownFileType = sourcecode.swift; path = FetchedResultsTableViewController.swift; sourceTree = "<group>"; };
		4AE86FD3200349B000D981B4 /* ContactTableViewController.swift */ = {isa = PBXFileReference; lastKnownFileType = sourcecode.swift; path = ContactTableViewController.swift; sourceTree = "<group>"; };
		4AFFFA472043E3CD00E81D50 /* CommonSettingsViewController.swift */ = {isa = PBXFileReference; lastKnownFileType = sourcecode.swift; path = CommonSettingsViewController.swift; sourceTree = "<group>"; };
/* End PBXFileReference section */

/* Begin PBXFrameworksBuildPhase section */
		4A985E3D1FF14BD80055F6BA /* Frameworks */ = {
			isa = PBXFrameworksBuildPhase;
			buildActionMask = 2147483647;
			files = (
			);
			runOnlyForDeploymentPostprocessing = 0;
		};
/* End PBXFrameworksBuildPhase section */

/* Begin PBXGroup section */
		4A707E5020106DAB005243BE /* MailingList */ = {
			isa = PBXGroup;
			children = (
				4A707E4E20106DA0005243BE /* MailingListTableViewController.swift */,
				4AB386D3201BD9EA00840237 /* MailingListDetailViewController.swift */,
				4A4BA9A02022EDAA00BF0594 /* MailingListContactsTableViewController.swift */,
				4A5F4F37202A520B00ED10D7 /* AssingedContacts.swift */,
				4A65A208202CB084009A73FF /* ContactAssignmentChange.swift */,
			);
			path = MailingList;
			sourceTree = "<group>";
		};
		4A985E371FF14BD80055F6BA = {
			isa = PBXGroup;
			children = (
				4A17ADB41FF5985300FEDD1E /* Readme.md */,
				4A985E421FF14BD80055F6BA /* Mailings */,
				4A985E411FF14BD80055F6BA /* Products */,
			);
			sourceTree = "<group>";
		};
		4A985E411FF14BD80055F6BA /* Products */ = {
			isa = PBXGroup;
			children = (
				4A985E401FF14BD80055F6BA /* Mailings.app */,
			);
			name = Products;
			sourceTree = "<group>";
		};
		4A985E421FF14BD80055F6BA /* Mailings */ = {
			isa = PBXGroup;
			children = (
				4AB9AF0B1FF55B2B0005EFFA /* Supporting Files */,
				4A9F23911FF45A5F00B48349 /* icons */,
				4AE86FD2200348DB00D981B4 /* Util */,
				4AB9AF081FF559A00005EFFA /* Settings */,
				4A707E5020106DAB005243BE /* MailingList */,
				4AD59F5B2004954F008FC37C /* Mailing */,
				4A9E1FEE20088884006C698F /* Contact */,
				4A9E1FEF200888CF006C698F /* Model */,
				4A985E491FF14BD80055F6BA /* Main.storyboard */,
				4A6CF6EC202D774000F791D1 /* Contact.storyboard */,
				4AD999C7201BCC3600C0CE6D /* MailingList.storyboard */,
				4AC40311202E0396001A14C5 /* Settings.storyboard */,
				4AAF9F4A202F8F6D00F395E3 /* Mailing.storyboard */,
				4A985E511FF14BD80055F6BA /* Info.plist */,
				4AB9AF0C1FF55C680005EFFA /* Mailings.xcdatamodeld */,
			);
			path = Mailings;
			sourceTree = "<group>";
		};
		4A9E1FEE20088884006C698F /* Contact */ = {
			isa = PBXGroup;
			children = (
				4AE86FD3200349B000D981B4 /* ContactTableViewController.swift */,
				4A4BA9A22022F7C900BF0594 /* ContactPickerTableViewController.swift */,
				4AE6EEE7203E9C3D006C33C5 /* ContactDetailViewController.swift */,
			);
			path = Contact;
			sourceTree = "<group>";
		};
		4A9E1FEF200888CF006C698F /* Model */ = {
			isa = PBXGroup;
			children = (
				4AE86FCC2002036600D981B4 /* MailingDTO.swift */,
				4A17ADB01FF58CE400FEDD1E /* Mailing.swift */,
				4AE86FCA2002034F00D981B4 /* MailingMapper.swift */,
				4A7FF5C31FFCAC2D00685105 /* MailingContactDTO.swift */,
				4A17ADAE1FF58BD900FEDD1E /* MailingContact.swift */,
				4A7FF5C51FFCAC7500685105 /* MailingContactMapper.swift */,
				4A6DE0751FFE0319009BEFA1 /* MailingListDTO.swift */,
				4A7FF5C11FFCAB7F00685105 /* MailingList.swift */,
				4A7FF5C71FFCB2F500685105 /* MailingListMapper.swift */,
				4A5F4F35202A461F00ED10D7 /* AssignedContact.swift */,
				4AC1FD8A204476BA003CEFDA /* CommonSetting.swift */,
				4A4A2D2C20452D9A00CB3457 /* SettingDTO.swift */,
			);
			path = Model;
			sourceTree = "<group>";
		};
		4A9F23911FF45A5F00B48349 /* icons */ = {
			isa = PBXGroup;
			children = (
				4A9F23941FF45BDB00B48349 /* settings.png */,
				4A9F23921FF45B5500B48349 /* link.png */,
				4A9F238B1FF459EF00B48349 /* message.png */,
				4A64E1A32005467000BA851F /* user_male.png */,
			);
			path = icons;
			sourceTree = "<group>";
		};
		4AB9AF081FF559A00005EFFA /* Settings */ = {
			isa = PBXGroup;
			children = (
				4A17ADB21FF58E2400FEDD1E /* ImportContactsViewController.swift */,
				4AB9AF111FF56CE10005EFFA /* InfoElement.swift */,
				4AB9AF0F1FF56CC30005EFFA /* CommonInfoViewController.swift */,
				4AB9AF091FF559D20005EFFA /* SettingsViewController.swift */,
				4A5C6F812036CBE800ECF1F3 /* AddressbookGroupPickerTableViewController.swift */,
				4A757AD42041897A005B0FB8 /* ContactGroupDTO.swift */,
				4AFFFA472043E3CD00E81D50 /* CommonSettingsViewController.swift */,
				4AB54ACD2045C807001A9C04 /* CommonSettingsController.swift */,
			);
			path = Settings;
			sourceTree = "<group>";
		};
		4AB9AF0B1FF55B2B0005EFFA /* Supporting Files */ = {
			isa = PBXGroup;
			children = (
				4A985E431FF14BD80055F6BA /* AppDelegate.swift */,
				4A985E4C1FF14BD80055F6BA /* Assets.xcassets */,
				4A985E4E1FF14BD80055F6BA /* LaunchScreen.storyboard */,
			);
			path = "Supporting Files";
			sourceTree = "<group>";
		};
		4AD59F5B2004954F008FC37C /* Mailing */ = {
			isa = PBXGroup;
			children = (
				4A63556C203B307B00140F2B /* MailComposer.swift */,
				4ABEAACF200908310073875E /* MailDTO.swift */,
				4ABEAACA200906A20073875E /* MailingTableViewController.swift */,
				4A9A1F32203BF365008EB043 /* MailingDetailViewController.swift */,
				4AD59F5920049549008FC37C /* MailingPickerTableViewController.swift */,
				4A82CF7F203228A1002F7A61 /* MailsToSendTableViewController.swift */,
				4A8845C620316A88001E307F /* MailingListPickerTableViewController.swift */,
			);
			path = Mailing;
			sourceTree = "<group>";
		};
		4AE86FD2200348DB00D981B4 /* Util */ = {
			isa = PBXGroup;
			children = (
				4AE86FD0200348D300D981B4 /* FetchedResultsTableViewController.swift */,
				4A28003D200FCB300095E694 /* MessageComposer.swift */,
			);
			path = Util;
			sourceTree = "<group>";
		};
/* End PBXGroup section */

/* Begin PBXNativeTarget section */
		4A985E3F1FF14BD80055F6BA /* Mailings */ = {
			isa = PBXNativeTarget;
			buildConfigurationList = 4A985E541FF14BD80055F6BA /* Build configuration list for PBXNativeTarget "Mailings" */;
			buildPhases = (
				4A985E3C1FF14BD80055F6BA /* Sources */,
				4A985E3D1FF14BD80055F6BA /* Frameworks */,
				4A985E3E1FF14BD80055F6BA /* Resources */,
			);
			buildRules = (
			);
			dependencies = (
			);
			name = Mailings;
			productName = Mailings;
			productReference = 4A985E401FF14BD80055F6BA /* Mailings.app */;
			productType = "com.apple.product-type.application";
		};
/* End PBXNativeTarget section */

/* Begin PBXProject section */
		4A985E381FF14BD80055F6BA /* Project object */ = {
			isa = PBXProject;
			attributes = {
				LastSwiftUpdateCheck = 0910;
				LastUpgradeCheck = 0910;
				ORGANIZATIONNAME = Huebner;
				TargetAttributes = {
					4A985E3F1FF14BD80055F6BA = {
						CreatedOnToolsVersion = 9.1;
						ProvisioningStyle = Automatic;
					};
				};
			};
			buildConfigurationList = 4A985E3B1FF14BD80055F6BA /* Build configuration list for PBXProject "Mailings" */;
			compatibilityVersion = "Xcode 8.0";
			developmentRegion = en;
			hasScannedForEncodings = 0;
			knownRegions = (
				en,
				Base,
			);
			mainGroup = 4A985E371FF14BD80055F6BA;
			productRefGroup = 4A985E411FF14BD80055F6BA /* Products */;
			projectDirPath = "";
			projectRoot = "";
			targets = (
				4A985E3F1FF14BD80055F6BA /* Mailings */,
			);
		};
/* End PBXProject section */

/* Begin PBXResourcesBuildPhase section */
		4A985E3E1FF14BD80055F6BA /* Resources */ = {
			isa = PBXResourcesBuildPhase;
			buildActionMask = 2147483647;
			files = (
				4A17ADB51FF5985300FEDD1E /* Readme.md in Resources */,
				4A9F23951FF45BDC00B48349 /* settings.png in Resources */,
				4AAF9F4B202F8F6D00F395E3 /* Mailing.storyboard in Resources */,
				4AC40312202E0396001A14C5 /* Settings.storyboard in Resources */,
				4A985E501FF14BD80055F6BA /* LaunchScreen.storyboard in Resources */,
				4A9F23931FF45B5600B48349 /* link.png in Resources */,
				4A985E4D1FF14BD80055F6BA /* Assets.xcassets in Resources */,
				4A64E1A42005467000BA851F /* user_male.png in Resources */,
				4A985E4B1FF14BD80055F6BA /* Main.storyboard in Resources */,
				4AD999C8201BCC3600C0CE6D /* MailingList.storyboard in Resources */,
				4A9F238C1FF459EF00B48349 /* message.png in Resources */,
				4A6CF6ED202D774000F791D1 /* Contact.storyboard in Resources */,
			);
			runOnlyForDeploymentPostprocessing = 0;
		};
/* End PBXResourcesBuildPhase section */

/* Begin PBXSourcesBuildPhase section */
		4A985E3C1FF14BD80055F6BA /* Sources */ = {
			isa = PBXSourcesBuildPhase;
			buildActionMask = 2147483647;
			files = (
				4AD59F5A20049549008FC37C /* MailingPickerTableViewController.swift in Sources */,
				4AE86FD4200349B000D981B4 /* ContactTableViewController.swift in Sources */,
				4A17ADB31FF58E2400FEDD1E /* ImportContactsViewController.swift in Sources */,
				4A7FF5C41FFCAC2D00685105 /* MailingContactDTO.swift in Sources */,
				4A707E4F20106DA0005243BE /* MailingListTableViewController.swift in Sources */,
				4AE86FCD2002036600D981B4 /* MailingDTO.swift in Sources */,
				4AFFFA482043E3CD00E81D50 /* CommonSettingsViewController.swift in Sources */,
				4A8845C720316A88001E307F /* MailingListPickerTableViewController.swift in Sources */,
				4A6DE0761FFE0319009BEFA1 /* MailingListDTO.swift in Sources */,
				4A5F4F36202A461F00ED10D7 /* AssignedContact.swift in Sources */,
				4A28003E200FCB300095E694 /* MessageComposer.swift in Sources */,
				4ABEAACD200906A30073875E /* MailingTableViewController.swift in Sources */,
				4A4BA9A12022EDAA00BF0594 /* MailingListContactsTableViewController.swift in Sources */,
				4AE86FCB2002034F00D981B4 /* MailingMapper.swift in Sources */,
				4A17ADB11FF58CE400FEDD1E /* Mailing.swift in Sources */,
				4A7FF5C61FFCAC7500685105 /* MailingContactMapper.swift in Sources */,
				4AB9AF0E1FF55C680005EFFA /* Mailings.xcdatamodeld in Sources */,
				4A985E441FF14BD80055F6BA /* AppDelegate.swift in Sources */,
				4AB9AF121FF56CE10005EFFA /* InfoElement.swift in Sources */,
				4AC1FD8B204476BA003CEFDA /* CommonSetting.swift in Sources */,
				4AE86FD1200348D300D981B4 /* FetchedResultsTableViewController.swift in Sources */,
				4A82CF80203228A1002F7A61 /* MailsToSendTableViewController.swift in Sources */,
				4AE6EEE8203E9C3D006C33C5 /* ContactDetailViewController.swift in Sources */,
				4A7FF5C21FFCAB7F00685105 /* MailingList.swift in Sources */,
				4A757AD52041897A005B0FB8 /* ContactGroupDTO.swift in Sources */,
				4AB386D4201BD9EA00840237 /* MailingListDetailViewController.swift in Sources */,
				4A65A209202CB084009A73FF /* ContactAssignmentChange.swift in Sources */,
				4A17ADAF1FF58BD900FEDD1E /* MailingContact.swift in Sources */,
				4A63556D203B307B00140F2B /* MailComposer.swift in Sources */,
				4A7FF5C81FFCB2F500685105 /* MailingListMapper.swift in Sources */,
				4A5C6F822036CBE800ECF1F3 /* AddressbookGroupPickerTableViewController.swift in Sources */,
				4AB9AF101FF56CC30005EFFA /* CommonInfoViewController.swift in Sources */,
				4A5F4F38202A520B00ED10D7 /* AssingedContacts.swift in Sources */,
				4A4BA9A32022F7C900BF0594 /* ContactPickerTableViewController.swift in Sources */,
				4ABEAAD0200908310073875E /* MailDTO.swift in Sources */,
				4AB54ACE2045C807001A9C04 /* CommonSettingsController.swift in Sources */,
				4A4A2D2D20452D9A00CB3457 /* SettingDTO.swift in Sources */,
				4A9A1F33203BF365008EB043 /* MailingDetailViewController.swift in Sources */,
				4AB9AF0A1FF559D20005EFFA /* SettingsViewController.swift in Sources */,
			);
			runOnlyForDeploymentPostprocessing = 0;
		};
/* End PBXSourcesBuildPhase section */

/* Begin PBXVariantGroup section */
		4A985E491FF14BD80055F6BA /* Main.storyboard */ = {
			isa = PBXVariantGroup;
			children = (
				4A985E4A1FF14BD80055F6BA /* Base */,
			);
			name = Main.storyboard;
			sourceTree = "<group>";
		};
		4A985E4E1FF14BD80055F6BA /* LaunchScreen.storyboard */ = {
			isa = PBXVariantGroup;
			children = (
				4A985E4F1FF14BD80055F6BA /* Base */,
			);
			name = LaunchScreen.storyboard;
			sourceTree = "<group>";
		};
/* End PBXVariantGroup section */

/* Begin XCBuildConfiguration section */
		4A985E521FF14BD80055F6BA /* Debug */ = {
			isa = XCBuildConfiguration;
			buildSettings = {
				ALWAYS_SEARCH_USER_PATHS = NO;
				CLANG_ANALYZER_NONNULL = YES;
				CLANG_ANALYZER_NUMBER_OBJECT_CONVERSION = YES_AGGRESSIVE;
				CLANG_CXX_LANGUAGE_STANDARD = "gnu++14";
				CLANG_CXX_LIBRARY = "libc++";
				CLANG_ENABLE_MODULES = YES;
				CLANG_ENABLE_OBJC_ARC = YES;
				CLANG_WARN_BLOCK_CAPTURE_AUTORELEASING = YES;
				CLANG_WARN_BOOL_CONVERSION = YES;
				CLANG_WARN_COMMA = YES;
				CLANG_WARN_CONSTANT_CONVERSION = YES;
				CLANG_WARN_DIRECT_OBJC_ISA_USAGE = YES_ERROR;
				CLANG_WARN_DOCUMENTATION_COMMENTS = YES;
				CLANG_WARN_EMPTY_BODY = YES;
				CLANG_WARN_ENUM_CONVERSION = YES;
				CLANG_WARN_INFINITE_RECURSION = YES;
				CLANG_WARN_INT_CONVERSION = YES;
				CLANG_WARN_NON_LITERAL_NULL_CONVERSION = YES;
				CLANG_WARN_OBJC_LITERAL_CONVERSION = YES;
				CLANG_WARN_OBJC_ROOT_CLASS = YES_ERROR;
				CLANG_WARN_RANGE_LOOP_ANALYSIS = YES;
				CLANG_WARN_STRICT_PROTOTYPES = YES;
				CLANG_WARN_SUSPICIOUS_MOVE = YES;
				CLANG_WARN_UNGUARDED_AVAILABILITY = YES_AGGRESSIVE;
				CLANG_WARN_UNREACHABLE_CODE = YES;
				CLANG_WARN__DUPLICATE_METHOD_MATCH = YES;
				CODE_SIGN_IDENTITY = "iPhone Developer";
				COPY_PHASE_STRIP = NO;
				DEBUG_INFORMATION_FORMAT = dwarf;
				ENABLE_STRICT_OBJC_MSGSEND = YES;
				ENABLE_TESTABILITY = YES;
				GCC_C_LANGUAGE_STANDARD = gnu11;
				GCC_DYNAMIC_NO_PIC = NO;
				GCC_NO_COMMON_BLOCKS = YES;
				GCC_OPTIMIZATION_LEVEL = 0;
				GCC_PREPROCESSOR_DEFINITIONS = (
					"DEBUG=1",
					"$(inherited)",
				);
				GCC_WARN_64_TO_32_BIT_CONVERSION = YES;
				GCC_WARN_ABOUT_RETURN_TYPE = YES_ERROR;
				GCC_WARN_UNDECLARED_SELECTOR = YES;
				GCC_WARN_UNINITIALIZED_AUTOS = YES_AGGRESSIVE;
				GCC_WARN_UNUSED_FUNCTION = YES;
				GCC_WARN_UNUSED_VARIABLE = YES;
				IPHONEOS_DEPLOYMENT_TARGET = 11.1;
				MTL_ENABLE_DEBUG_INFO = YES;
				ONLY_ACTIVE_ARCH = YES;
				SDKROOT = iphoneos;
				SWIFT_ACTIVE_COMPILATION_CONDITIONS = DEBUG;
				SWIFT_OPTIMIZATION_LEVEL = "-Onone";
			};
			name = Debug;
		};
		4A985E531FF14BD80055F6BA /* Release */ = {
			isa = XCBuildConfiguration;
			buildSettings = {
				ALWAYS_SEARCH_USER_PATHS = NO;
				CLANG_ANALYZER_NONNULL = YES;
				CLANG_ANALYZER_NUMBER_OBJECT_CONVERSION = YES_AGGRESSIVE;
				CLANG_CXX_LANGUAGE_STANDARD = "gnu++14";
				CLANG_CXX_LIBRARY = "libc++";
				CLANG_ENABLE_MODULES = YES;
				CLANG_ENABLE_OBJC_ARC = YES;
				CLANG_WARN_BLOCK_CAPTURE_AUTORELEASING = YES;
				CLANG_WARN_BOOL_CONVERSION = YES;
				CLANG_WARN_COMMA = YES;
				CLANG_WARN_CONSTANT_CONVERSION = YES;
				CLANG_WARN_DIRECT_OBJC_ISA_USAGE = YES_ERROR;
				CLANG_WARN_DOCUMENTATION_COMMENTS = YES;
				CLANG_WARN_EMPTY_BODY = YES;
				CLANG_WARN_ENUM_CONVERSION = YES;
				CLANG_WARN_INFINITE_RECURSION = YES;
				CLANG_WARN_INT_CONVERSION = YES;
				CLANG_WARN_NON_LITERAL_NULL_CONVERSION = YES;
				CLANG_WARN_OBJC_LITERAL_CONVERSION = YES;
				CLANG_WARN_OBJC_ROOT_CLASS = YES_ERROR;
				CLANG_WARN_RANGE_LOOP_ANALYSIS = YES;
				CLANG_WARN_STRICT_PROTOTYPES = YES;
				CLANG_WARN_SUSPICIOUS_MOVE = YES;
				CLANG_WARN_UNGUARDED_AVAILABILITY = YES_AGGRESSIVE;
				CLANG_WARN_UNREACHABLE_CODE = YES;
				CLANG_WARN__DUPLICATE_METHOD_MATCH = YES;
				CODE_SIGN_IDENTITY = "iPhone Developer";
				COPY_PHASE_STRIP = NO;
				DEBUG_INFORMATION_FORMAT = "dwarf-with-dsym";
				ENABLE_NS_ASSERTIONS = NO;
				ENABLE_STRICT_OBJC_MSGSEND = YES;
				GCC_C_LANGUAGE_STANDARD = gnu11;
				GCC_NO_COMMON_BLOCKS = YES;
				GCC_WARN_64_TO_32_BIT_CONVERSION = YES;
				GCC_WARN_ABOUT_RETURN_TYPE = YES_ERROR;
				GCC_WARN_UNDECLARED_SELECTOR = YES;
				GCC_WARN_UNINITIALIZED_AUTOS = YES_AGGRESSIVE;
				GCC_WARN_UNUSED_FUNCTION = YES;
				GCC_WARN_UNUSED_VARIABLE = YES;
				IPHONEOS_DEPLOYMENT_TARGET = 11.1;
				MTL_ENABLE_DEBUG_INFO = NO;
				SDKROOT = iphoneos;
				SWIFT_OPTIMIZATION_LEVEL = "-Owholemodule";
				VALIDATE_PRODUCT = YES;
			};
			name = Release;
		};
		4A985E551FF14BD80055F6BA /* Debug */ = {
			isa = XCBuildConfiguration;
			buildSettings = {
				ASSETCATALOG_COMPILER_APPICON_NAME = AppIcon;
				CODE_SIGN_STYLE = Automatic;
				DEVELOPMENT_TEAM = SK8T4S74TT;
				INFOPLIST_FILE = Mailings/Info.plist;
				LD_RUNPATH_SEARCH_PATHS = "$(inherited) @executable_path/Frameworks";
				PRODUCT_BUNDLE_IDENTIFIER = de.huebner.Mailings;
				PRODUCT_NAME = "$(TARGET_NAME)";
				SWIFT_VERSION = 4.0;
				TARGETED_DEVICE_FAMILY = "1,2";
			};
			name = Debug;
		};
		4A985E561FF14BD80055F6BA /* Release */ = {
			isa = XCBuildConfiguration;
			buildSettings = {
				ASSETCATALOG_COMPILER_APPICON_NAME = AppIcon;
				CODE_SIGN_STYLE = Automatic;
				DEVELOPMENT_TEAM = SK8T4S74TT;
				INFOPLIST_FILE = Mailings/Info.plist;
				LD_RUNPATH_SEARCH_PATHS = "$(inherited) @executable_path/Frameworks";
				PRODUCT_BUNDLE_IDENTIFIER = de.huebner.Mailings;
				PRODUCT_NAME = "$(TARGET_NAME)";
				SWIFT_VERSION = 4.0;
				TARGETED_DEVICE_FAMILY = "1,2";
			};
			name = Release;
		};
/* End XCBuildConfiguration section */

/* Begin XCConfigurationList section */
		4A985E3B1FF14BD80055F6BA /* Build configuration list for PBXProject "Mailings" */ = {
			isa = XCConfigurationList;
			buildConfigurations = (
				4A985E521FF14BD80055F6BA /* Debug */,
				4A985E531FF14BD80055F6BA /* Release */,
			);
			defaultConfigurationIsVisible = 0;
			defaultConfigurationName = Release;
		};
		4A985E541FF14BD80055F6BA /* Build configuration list for PBXNativeTarget "Mailings" */ = {
			isa = XCConfigurationList;
			buildConfigurations = (
				4A985E551FF14BD80055F6BA /* Debug */,
				4A985E561FF14BD80055F6BA /* Release */,
			);
			defaultConfigurationIsVisible = 0;
			defaultConfigurationName = Release;
		};
/* End XCConfigurationList section */

/* Begin XCVersionGroup section */
		4AB9AF0C1FF55C680005EFFA /* Mailings.xcdatamodeld */ = {
			isa = XCVersionGroup;
			children = (
				4AB9AF0D1FF55C680005EFFA /* Mailings.xcdatamodel */,
			);
			currentVersion = 4AB9AF0D1FF55C680005EFFA /* Mailings.xcdatamodel */;
			path = Mailings.xcdatamodeld;
			sourceTree = "<group>";
			versionGroupType = wrapper.xcdatamodel;
		};
/* End XCVersionGroup section */
	};
	rootObject = 4A985E381FF14BD80055F6BA /* Project object */;
}
